
Microsoft Visual Studio Solution File, Format Version 12.00
# Visual Studio Version 16
VisualStudioVersion = 16.0.30011.22
MinimumVisualStudioVersion = 10.0.40219.1
Project("{FAE04EC0-301F-11D3-BF4B-00C04F79EFBC}") = "20203196정민영_과제2", "20203196정민영_과제2\20203196정민영_과제2.csproj", "{43F65F4A-74C0-45AD-A398-7E0176F17CBB}"
EndProject
Global
	GlobalSection(SolutionConfigurationPlatforms) = preSolution
		Debug|Any CPU = Debug|Any CPU
		Release|Any CPU = Release|Any CPU
	EndGlobalSection
	GlobalSection(ProjectConfigurationPlatforms) = postSolution
		{43F65F4A-74C0-45AD-A398-7E0176F17CBB}.Debug|Any CPU.ActiveCfg = Debug|Any CPU
		{43F65F4A-74C0-45AD-A398-7E0176F17CBB}.Debug|Any CPU.Build.0 = Debug|Any CPU
		{43F65F4A-74C0-45AD-A398-7E0176F17CBB}.Release|Any CPU.ActiveCfg = Release|Any CPU
		{43F65F4A-74C0-45AD-A398-7E0176F17CBB}.Release|Any CPU.Build.0 = Release|Any CPU
	EndGlobalSection
	GlobalSection(SolutionProperties) = preSolution
		HideSolutionNode = FALSE
	EndGlobalSection
	GlobalSection(ExtensibilityGlobals) = postSolution
		SolutionGuid = {7C141EF6-C681-4F11-AA1F-9DFEA1E0DB49}
	EndGlobalSection
EndGlobal
