
Microsoft Visual Studio Solution File, Format Version 12.00
# Visual Studio Version 16
VisualStudioVersion = 16.0.30011.22
MinimumVisualStudioVersion = 10.0.40219.1
Project("{FAE04EC0-301F-11D3-BF4B-00C04F79EFBC}") = "20203196정민영_과제1", "20203196정민영_과제1\20203196정민영_과제1.csproj", "{AF85D6D5-01E4-466B-8790-EFC5CD8335FC}"
EndProject
Global
	GlobalSection(SolutionConfigurationPlatforms) = preSolution
		Debug|Any CPU = Debug|Any CPU
		Release|Any CPU = Release|Any CPU
	EndGlobalSection
	GlobalSection(ProjectConfigurationPlatforms) = postSolution
		{AF85D6D5-01E4-466B-8790-EFC5CD8335FC}.Debug|Any CPU.ActiveCfg = Debug|Any CPU
		{AF85D6D5-01E4-466B-8790-EFC5CD8335FC}.Debug|Any CPU.Build.0 = Debug|Any CPU
		{AF85D6D5-01E4-466B-8790-EFC5CD8335FC}.Release|Any CPU.ActiveCfg = Release|Any CPU
		{AF85D6D5-01E4-466B-8790-EFC5CD8335FC}.Release|Any CPU.Build.0 = Release|Any CPU
	EndGlobalSection
	GlobalSection(SolutionProperties) = preSolution
		HideSolutionNode = FALSE
	EndGlobalSection
	GlobalSection(ExtensibilityGlobals) = postSolution
		SolutionGuid = {EAD24B0B-51CB-45CF-98B0-7DB25C08316A}
	EndGlobalSection
EndGlobal
