
Microsoft Visual Studio Solution File, Format Version 12.00
# Visual Studio Version 16
VisualStudioVersion = 16.0.30011.22
MinimumVisualStudioVersion = 10.0.40219.1
Project("{FAE04EC0-301F-11D3-BF4B-00C04F79EFBC}") = "20203196정민영_과제1", "20203196정민영_과제1\20203196정민영_과제1.csproj", "{4811B3D6-AEF1-496C-912B-94248D9C68EB}"
EndProject
Global
	GlobalSection(SolutionConfigurationPlatforms) = preSolution
		Debug|Any CPU = Debug|Any CPU
		Release|Any CPU = Release|Any CPU
	EndGlobalSection
	GlobalSection(ProjectConfigurationPlatforms) = postSolution
		{4811B3D6-AEF1-496C-912B-94248D9C68EB}.Debug|Any CPU.ActiveCfg = Debug|Any CPU
		{4811B3D6-AEF1-496C-912B-94248D9C68EB}.Debug|Any CPU.Build.0 = Debug|Any CPU
		{4811B3D6-AEF1-496C-912B-94248D9C68EB}.Release|Any CPU.ActiveCfg = Release|Any CPU
		{4811B3D6-AEF1-496C-912B-94248D9C68EB}.Release|Any CPU.Build.0 = Release|Any CPU
	EndGlobalSection
	GlobalSection(SolutionProperties) = preSolution
		HideSolutionNode = FALSE
	EndGlobalSection
	GlobalSection(ExtensibilityGlobals) = postSolution
		SolutionGuid = {4B5F152C-A35B-4F8D-8F52-FAB199D4CA88}
	EndGlobalSection
EndGlobal
