
Microsoft Visual Studio Solution File, Format Version 12.00
# Visual Studio Version 16
VisualStudioVersion = 16.0.30011.22
MinimumVisualStudioVersion = 10.0.40219.1
Project("{FAE04EC0-301F-11D3-BF4B-00C04F79EFBC}") = "20203196정민영_과제4", "20203196정민영_과제4\20203196정민영_과제4.csproj", "{B9A46C70-C7EE-44A6-AA31-5EC85811DAED}"
EndProject
Global
	GlobalSection(SolutionConfigurationPlatforms) = preSolution
		Debug|Any CPU = Debug|Any CPU
		Release|Any CPU = Release|Any CPU
	EndGlobalSection
	GlobalSection(ProjectConfigurationPlatforms) = postSolution
		{B9A46C70-C7EE-44A6-AA31-5EC85811DAED}.Debug|Any CPU.ActiveCfg = Debug|Any CPU
		{B9A46C70-C7EE-44A6-AA31-5EC85811DAED}.Debug|Any CPU.Build.0 = Debug|Any CPU
		{B9A46C70-C7EE-44A6-AA31-5EC85811DAED}.Release|Any CPU.ActiveCfg = Release|Any CPU
		{B9A46C70-C7EE-44A6-AA31-5EC85811DAED}.Release|Any CPU.Build.0 = Release|Any CPU
	EndGlobalSection
	GlobalSection(SolutionProperties) = preSolution
		HideSolutionNode = FALSE
	EndGlobalSection
	GlobalSection(ExtensibilityGlobals) = postSolution
		SolutionGuid = {F806FDCA-84B3-433F-B13F-8605FCB85304}
	EndGlobalSection
EndGlobal
