
Microsoft Visual Studio Solution File, Format Version 12.00
# Visual Studio Version 16
VisualStudioVersion = 16.0.30011.22
MinimumVisualStudioVersion = 10.0.40219.1
Project("{FAE04EC0-301F-11D3-BF4B-00C04F79EFBC}") = "9Week_예제1", "9Week_예제1\9Week_예제1.csproj", "{4499C1CF-DDF1-4B3F-9F67-3ECD9485B5FF}"
EndProject
Global
	GlobalSection(SolutionConfigurationPlatforms) = preSolution
		Debug|Any CPU = Debug|Any CPU
		Release|Any CPU = Release|Any CPU
	EndGlobalSection
	GlobalSection(ProjectConfigurationPlatforms) = postSolution
		{4499C1CF-DDF1-4B3F-9F67-3ECD9485B5FF}.Debug|Any CPU.ActiveCfg = Debug|Any CPU
		{4499C1CF-DDF1-4B3F-9F67-3ECD9485B5FF}.Debug|Any CPU.Build.0 = Debug|Any CPU
		{4499C1CF-DDF1-4B3F-9F67-3ECD9485B5FF}.Release|Any CPU.ActiveCfg = Release|Any CPU
		{4499C1CF-DDF1-4B3F-9F67-3ECD9485B5FF}.Release|Any CPU.Build.0 = Release|Any CPU
	EndGlobalSection
	GlobalSection(SolutionProperties) = preSolution
		HideSolutionNode = FALSE
	EndGlobalSection
	GlobalSection(ExtensibilityGlobals) = postSolution
		SolutionGuid = {57F9D8BB-A8E1-4E67-9AED-56986728FBE0}
	EndGlobalSection
EndGlobal
