
Microsoft Visual Studio Solution File, Format Version 12.00
# Visual Studio Version 16
VisualStudioVersion = 16.0.30011.22
MinimumVisualStudioVersion = 10.0.40219.1
Project("{FAE04EC0-301F-11D3-BF4B-00C04F79EFBC}") = "20203196정민영_과제3", "20203196정민영_과제3\20203196정민영_과제3.csproj", "{BD58FF58-374F-451D-9EE1-89818FFBF9BB}"
EndProject
Global
	GlobalSection(SolutionConfigurationPlatforms) = preSolution
		Debug|Any CPU = Debug|Any CPU
		Release|Any CPU = Release|Any CPU
	EndGlobalSection
	GlobalSection(ProjectConfigurationPlatforms) = postSolution
		{BD58FF58-374F-451D-9EE1-89818FFBF9BB}.Debug|Any CPU.ActiveCfg = Debug|Any CPU
		{BD58FF58-374F-451D-9EE1-89818FFBF9BB}.Debug|Any CPU.Build.0 = Debug|Any CPU
		{BD58FF58-374F-451D-9EE1-89818FFBF9BB}.Release|Any CPU.ActiveCfg = Release|Any CPU
		{BD58FF58-374F-451D-9EE1-89818FFBF9BB}.Release|Any CPU.Build.0 = Release|Any CPU
	EndGlobalSection
	GlobalSection(SolutionProperties) = preSolution
		HideSolutionNode = FALSE
	EndGlobalSection
	GlobalSection(ExtensibilityGlobals) = postSolution
		SolutionGuid = {FF4085CE-60E6-4291-A8AA-F6B4A9F0C480}
	EndGlobalSection
EndGlobal
