
Microsoft Visual Studio Solution File, Format Version 12.00
# Visual Studio Version 16
VisualStudioVersion = 16.0.30011.22
MinimumVisualStudioVersion = 10.0.40219.1
Project("{FAE04EC0-301F-11D3-BF4B-00C04F79EFBC}") = "10Week_예제1", "10Week_예제1\10Week_예제1.csproj", "{419097D7-40EF-45FD-92C9-F8D8269BC47F}"
EndProject
Global
	GlobalSection(SolutionConfigurationPlatforms) = preSolution
		Debug|Any CPU = Debug|Any CPU
		Release|Any CPU = Release|Any CPU
	EndGlobalSection
	GlobalSection(ProjectConfigurationPlatforms) = postSolution
		{419097D7-40EF-45FD-92C9-F8D8269BC47F}.Debug|Any CPU.ActiveCfg = Debug|Any CPU
		{419097D7-40EF-45FD-92C9-F8D8269BC47F}.Debug|Any CPU.Build.0 = Debug|Any CPU
		{419097D7-40EF-45FD-92C9-F8D8269BC47F}.Release|Any CPU.ActiveCfg = Release|Any CPU
		{419097D7-40EF-45FD-92C9-F8D8269BC47F}.Release|Any CPU.Build.0 = Release|Any CPU
	EndGlobalSection
	GlobalSection(SolutionProperties) = preSolution
		HideSolutionNode = FALSE
	EndGlobalSection
	GlobalSection(ExtensibilityGlobals) = postSolution
		SolutionGuid = {C7EA95AD-2198-407A-BAE1-5600DFCFFF29}
	EndGlobalSection
EndGlobal
