
Microsoft Visual Studio Solution File, Format Version 12.00
# Visual Studio Version 16
VisualStudioVersion = 16.0.30011.22
MinimumVisualStudioVersion = 10.0.40219.1
Project("{FAE04EC0-301F-11D3-BF4B-00C04F79EFBC}") = "20203196정민영_과제1", "20203196정민영_과제1\20203196정민영_과제1.csproj", "{52E8B55F-D10D-4619-BEF3-16DEEE42725C}"
EndProject
Global
	GlobalSection(SolutionConfigurationPlatforms) = preSolution
		Debug|Any CPU = Debug|Any CPU
		Release|Any CPU = Release|Any CPU
	EndGlobalSection
	GlobalSection(ProjectConfigurationPlatforms) = postSolution
		{52E8B55F-D10D-4619-BEF3-16DEEE42725C}.Debug|Any CPU.ActiveCfg = Debug|Any CPU
		{52E8B55F-D10D-4619-BEF3-16DEEE42725C}.Debug|Any CPU.Build.0 = Debug|Any CPU
		{52E8B55F-D10D-4619-BEF3-16DEEE42725C}.Release|Any CPU.ActiveCfg = Release|Any CPU
		{52E8B55F-D10D-4619-BEF3-16DEEE42725C}.Release|Any CPU.Build.0 = Release|Any CPU
	EndGlobalSection
	GlobalSection(SolutionProperties) = preSolution
		HideSolutionNode = FALSE
	EndGlobalSection
	GlobalSection(ExtensibilityGlobals) = postSolution
		SolutionGuid = {E5E9B6AE-D77B-4549-B7AC-12A222D3105D}
	EndGlobalSection
EndGlobal
