
Microsoft Visual Studio Solution File, Format Version 12.00
# Visual Studio Version 16
VisualStudioVersion = 16.0.30011.22
MinimumVisualStudioVersion = 10.0.40219.1
Project("{FAE04EC0-301F-11D3-BF4B-00C04F79EFBC}") = "20203196정민영_과제3", "20203196정민영_과제3\20203196정민영_과제3.csproj", "{0B42019E-283D-409A-88B6-181DFA569C74}"
EndProject
Global
	GlobalSection(SolutionConfigurationPlatforms) = preSolution
		Debug|Any CPU = Debug|Any CPU
		Release|Any CPU = Release|Any CPU
	EndGlobalSection
	GlobalSection(ProjectConfigurationPlatforms) = postSolution
		{0B42019E-283D-409A-88B6-181DFA569C74}.Debug|Any CPU.ActiveCfg = Debug|Any CPU
		{0B42019E-283D-409A-88B6-181DFA569C74}.Debug|Any CPU.Build.0 = Debug|Any CPU
		{0B42019E-283D-409A-88B6-181DFA569C74}.Release|Any CPU.ActiveCfg = Release|Any CPU
		{0B42019E-283D-409A-88B6-181DFA569C74}.Release|Any CPU.Build.0 = Release|Any CPU
	EndGlobalSection
	GlobalSection(SolutionProperties) = preSolution
		HideSolutionNode = FALSE
	EndGlobalSection
	GlobalSection(ExtensibilityGlobals) = postSolution
		SolutionGuid = {5D8D03F1-7B15-4D8F-9AF9-F386A64317BD}
	EndGlobalSection
EndGlobal
