
Microsoft Visual Studio Solution File, Format Version 12.00
# Visual Studio Version 16
VisualStudioVersion = 16.0.30011.22
MinimumVisualStudioVersion = 10.0.40219.1
Project("{FAE04EC0-301F-11D3-BF4B-00C04F79EFBC}") = "14Week_예제", "14Week_예제\14Week_예제.csproj", "{ECFB0837-9B20-4EE5-AE0C-CAFB51B7105A}"
EndProject
Global
	GlobalSection(SolutionConfigurationPlatforms) = preSolution
		Debug|Any CPU = Debug|Any CPU
		Release|Any CPU = Release|Any CPU
	EndGlobalSection
	GlobalSection(ProjectConfigurationPlatforms) = postSolution
		{ECFB0837-9B20-4EE5-AE0C-CAFB51B7105A}.Debug|Any CPU.ActiveCfg = Debug|Any CPU
		{ECFB0837-9B20-4EE5-AE0C-CAFB51B7105A}.Debug|Any CPU.Build.0 = Debug|Any CPU
		{ECFB0837-9B20-4EE5-AE0C-CAFB51B7105A}.Release|Any CPU.ActiveCfg = Release|Any CPU
		{ECFB0837-9B20-4EE5-AE0C-CAFB51B7105A}.Release|Any CPU.Build.0 = Release|Any CPU
	EndGlobalSection
	GlobalSection(SolutionProperties) = preSolution
		HideSolutionNode = FALSE
	EndGlobalSection
	GlobalSection(ExtensibilityGlobals) = postSolution
		SolutionGuid = {25B9ADC2-4257-43EE-BFA9-5958A9835B87}
	EndGlobalSection
EndGlobal
