
Microsoft Visual Studio Solution File, Format Version 12.00
# Visual Studio Version 16
VisualStudioVersion = 16.0.30011.22
MinimumVisualStudioVersion = 10.0.40219.1
Project("{FAE04EC0-301F-11D3-BF4B-00C04F79EFBC}") = "13Week_예제2", "13Week_예제2\13Week_예제2.csproj", "{BD942CDF-F18F-4DB4-A1AC-30FF4F696323}"
EndProject
Global
	GlobalSection(SolutionConfigurationPlatforms) = preSolution
		Debug|Any CPU = Debug|Any CPU
		Release|Any CPU = Release|Any CPU
	EndGlobalSection
	GlobalSection(ProjectConfigurationPlatforms) = postSolution
		{BD942CDF-F18F-4DB4-A1AC-30FF4F696323}.Debug|Any CPU.ActiveCfg = Debug|Any CPU
		{BD942CDF-F18F-4DB4-A1AC-30FF4F696323}.Debug|Any CPU.Build.0 = Debug|Any CPU
		{BD942CDF-F18F-4DB4-A1AC-30FF4F696323}.Release|Any CPU.ActiveCfg = Release|Any CPU
		{BD942CDF-F18F-4DB4-A1AC-30FF4F696323}.Release|Any CPU.Build.0 = Release|Any CPU
	EndGlobalSection
	GlobalSection(SolutionProperties) = preSolution
		HideSolutionNode = FALSE
	EndGlobalSection
	GlobalSection(ExtensibilityGlobals) = postSolution
		SolutionGuid = {3336090A-25F0-4F55-B7CB-EB09CFFCDE87}
	EndGlobalSection
EndGlobal
