
Microsoft Visual Studio Solution File, Format Version 12.00
# Visual Studio Version 16
VisualStudioVersion = 16.0.30011.22
MinimumVisualStudioVersion = 10.0.40219.1
Project("{FAE04EC0-301F-11D3-BF4B-00C04F79EFBC}") = "20203196정민영_과제1", "20203196정민영_과제1\20203196정민영_과제1.csproj", "{DF4BFC8F-7658-4EE6-A076-320D0EDECB25}"
EndProject
Global
	GlobalSection(SolutionConfigurationPlatforms) = preSolution
		Debug|Any CPU = Debug|Any CPU
		Release|Any CPU = Release|Any CPU
	EndGlobalSection
	GlobalSection(ProjectConfigurationPlatforms) = postSolution
		{DF4BFC8F-7658-4EE6-A076-320D0EDECB25}.Debug|Any CPU.ActiveCfg = Debug|Any CPU
		{DF4BFC8F-7658-4EE6-A076-320D0EDECB25}.Debug|Any CPU.Build.0 = Debug|Any CPU
		{DF4BFC8F-7658-4EE6-A076-320D0EDECB25}.Release|Any CPU.ActiveCfg = Release|Any CPU
		{DF4BFC8F-7658-4EE6-A076-320D0EDECB25}.Release|Any CPU.Build.0 = Release|Any CPU
	EndGlobalSection
	GlobalSection(SolutionProperties) = preSolution
		HideSolutionNode = FALSE
	EndGlobalSection
	GlobalSection(ExtensibilityGlobals) = postSolution
		SolutionGuid = {FBE68032-57E4-4ADD-94F2-6D72C2DC81E9}
	EndGlobalSection
EndGlobal
