
Microsoft Visual Studio Solution File, Format Version 12.00
# Visual Studio Version 16
VisualStudioVersion = 16.0.30011.22
MinimumVisualStudioVersion = 10.0.40219.1
Project("{FAE04EC0-301F-11D3-BF4B-00C04F79EFBC}") = "20203196정민영_과제3", "20203196정민영_과제3\20203196정민영_과제3.csproj", "{4055218A-2D06-4EBD-94AC-3B666D4A76F2}"
EndProject
Global
	GlobalSection(SolutionConfigurationPlatforms) = preSolution
		Debug|Any CPU = Debug|Any CPU
		Release|Any CPU = Release|Any CPU
	EndGlobalSection
	GlobalSection(ProjectConfigurationPlatforms) = postSolution
		{4055218A-2D06-4EBD-94AC-3B666D4A76F2}.Debug|Any CPU.ActiveCfg = Debug|Any CPU
		{4055218A-2D06-4EBD-94AC-3B666D4A76F2}.Debug|Any CPU.Build.0 = Debug|Any CPU
		{4055218A-2D06-4EBD-94AC-3B666D4A76F2}.Release|Any CPU.ActiveCfg = Release|Any CPU
		{4055218A-2D06-4EBD-94AC-3B666D4A76F2}.Release|Any CPU.Build.0 = Release|Any CPU
	EndGlobalSection
	GlobalSection(SolutionProperties) = preSolution
		HideSolutionNode = FALSE
	EndGlobalSection
	GlobalSection(ExtensibilityGlobals) = postSolution
		SolutionGuid = {602C24C3-2727-4F7F-8F59-1204EAE9A0C6}
	EndGlobalSection
EndGlobal
