
Microsoft Visual Studio Solution File, Format Version 12.00
# Visual Studio Version 16
VisualStudioVersion = 16.0.30011.22
MinimumVisualStudioVersion = 10.0.40219.1
Project("{FAE04EC0-301F-11D3-BF4B-00C04F79EFBC}") = "20203196정민영_과제1", "20203196정민영_과제1\20203196정민영_과제1.csproj", "{5F228DC7-DAF6-4DD4-8436-F498EC2CA27F}"
EndProject
Global
	GlobalSection(SolutionConfigurationPlatforms) = preSolution
		Debug|Any CPU = Debug|Any CPU
		Release|Any CPU = Release|Any CPU
	EndGlobalSection
	GlobalSection(ProjectConfigurationPlatforms) = postSolution
		{5F228DC7-DAF6-4DD4-8436-F498EC2CA27F}.Debug|Any CPU.ActiveCfg = Debug|Any CPU
		{5F228DC7-DAF6-4DD4-8436-F498EC2CA27F}.Debug|Any CPU.Build.0 = Debug|Any CPU
		{5F228DC7-DAF6-4DD4-8436-F498EC2CA27F}.Release|Any CPU.ActiveCfg = Release|Any CPU
		{5F228DC7-DAF6-4DD4-8436-F498EC2CA27F}.Release|Any CPU.Build.0 = Release|Any CPU
	EndGlobalSection
	GlobalSection(SolutionProperties) = preSolution
		HideSolutionNode = FALSE
	EndGlobalSection
	GlobalSection(ExtensibilityGlobals) = postSolution
		SolutionGuid = {60DD052D-3C21-494C-A623-64EC1AB41AA5}
	EndGlobalSection
EndGlobal
