
Microsoft Visual Studio Solution File, Format Version 12.00
# Visual Studio Version 16
VisualStudioVersion = 16.0.30011.22
MinimumVisualStudioVersion = 10.0.40219.1
Project("{FAE04EC0-301F-11D3-BF4B-00C04F79EFBC}") = "5Week_예제2", "5Week_예제2\5Week_예제2.csproj", "{7D8F59E8-06C7-4E98-9EF3-56BF1971CB0D}"
EndProject
Global
	GlobalSection(SolutionConfigurationPlatforms) = preSolution
		Debug|Any CPU = Debug|Any CPU
		Release|Any CPU = Release|Any CPU
	EndGlobalSection
	GlobalSection(ProjectConfigurationPlatforms) = postSolution
		{7D8F59E8-06C7-4E98-9EF3-56BF1971CB0D}.Debug|Any CPU.ActiveCfg = Debug|Any CPU
		{7D8F59E8-06C7-4E98-9EF3-56BF1971CB0D}.Debug|Any CPU.Build.0 = Debug|Any CPU
		{7D8F59E8-06C7-4E98-9EF3-56BF1971CB0D}.Release|Any CPU.ActiveCfg = Release|Any CPU
		{7D8F59E8-06C7-4E98-9EF3-56BF1971CB0D}.Release|Any CPU.Build.0 = Release|Any CPU
	EndGlobalSection
	GlobalSection(SolutionProperties) = preSolution
		HideSolutionNode = FALSE
	EndGlobalSection
	GlobalSection(ExtensibilityGlobals) = postSolution
		SolutionGuid = {6F794E64-B880-49CF-BEA5-CA3D05B5ACF9}
	EndGlobalSection
EndGlobal
